# THIS IS AN AUTOGENERATED FILE. DO NOT EDIT THIS FILE DIRECTLY.
# yarn lockfile v1


"@algolia/autocomplete-core@1.7.1":
  version "1.7.1"
  resolved "https://pkgs.d.xiaomi.net:443/artifactory/api/npm/mi-npm/@algolia/autocomplete-core/-/autocomplete-core-1.7.1.tgz#025538b8a9564a9f3dd5bcf8a236d6951c76c7d1"
  integrity sha1-AlU4uKlWSp891bz4ojbWlRx2x9E=
  dependencies:
    "@algolia/autocomplete-shared" "1.7.1"

"@algolia/autocomplete-preset-algolia@1.7.1":
  version "1.7.1"
  resolved "https://pkgs.d.xiaomi.net:443/artifactory/api/npm/mi-npm/@algolia/autocomplete-preset-algolia/-/autocomplete-preset-algolia-1.7.1.tgz#7dadc5607097766478014ae2e9e1c9c4b3f957c8"
  integrity sha1-fa3FYHCXdmR4AUri6eHJxLP5V8g=
  dependencies:
    "@algolia/autocomplete-shared" "1.7.1"

"@algolia/autocomplete-shared@1.7.1":
  version "1.7.1"
  resolved "https://pkgs.d.xiaomi.net:443/artifactory/api/npm/mi-npm/@algolia/autocomplete-shared/-/autocomplete-shared-1.7.1.tgz#95c3a0b4b78858fed730cf9c755b7d1cd0c82c74"
  integrity sha1-lcOgtLeIWP7XMM+cdVt9HNDILHQ=

"@algolia/cache-browser-local-storage@4.13.1":
  version "4.13.1"
  resolved "https://pkgs.d.xiaomi.net:443/artifactory/api/npm/mi-npm/@algolia/cache-browser-local-storage/-/cache-browser-local-storage-4.13.1.tgz#ffacb9230119f77de1a6f163b83680be999110e4"
  integrity sha1-/6y5IwEZ933hpvFjuDaAvpmREOQ=
  dependencies:
    "@algolia/cache-common" "4.13.1"

"@algolia/cache-common@4.13.1":
  version "4.13.1"
  resolved "https://pkgs.d.xiaomi.net:443/artifactory/api/npm/mi-npm/@algolia/cache-common/-/cache-common-4.13.1.tgz#c933fdec9f73b4f7c69d5751edc92eee4a63d76b"
  integrity sha1-yTP97J9ztPfGnVdR7cku7kpj12s=

"@algolia/cache-in-memory@4.13.1":
  version "4.13.1"
  resolved "https://pkgs.d.xiaomi.net:443/artifactory/api/npm/mi-npm/@algolia/cache-in-memory/-/cache-in-memory-4.13.1.tgz#c19baa67b4597e1a93e987350613ab3b88768832"
  integrity sha1-wZuqZ7RZfhqT6Yc1BhOrO4h2iDI=
  dependencies:
    "@algolia/cache-common" "4.13.1"

"@algolia/client-account@4.13.1":
  version "4.13.1"
  resolved "https://pkgs.d.xiaomi.net:443/artifactory/api/npm/mi-npm/@algolia/client-account/-/client-account-4.13.1.tgz#fea591943665477a23922ab31863ad0732e26c66"
  integrity sha1-/qWRlDZlR3ojkiqzGGOtBzLibGY=
  dependencies:
    "@algolia/client-common" "4.13.1"
    "@algolia/client-search" "4.13.1"
    "@algolia/transporter" "4.13.1"

"@algolia/client-analytics@4.13.1":
  version "4.13.1"
  resolved "https://pkgs.d.xiaomi.net:443/artifactory/api/npm/mi-npm/@algolia/client-analytics/-/client-analytics-4.13.1.tgz#5275956b2d0d16997148f2085f1701b6c39ecc32"
  integrity sha1-UnWVay0NFplxSPIIXxcBtsOezDI=
  dependencies:
    "@algolia/client-common" "4.13.1"
    "@algolia/client-search" "4.13.1"
    "@algolia/requester-common" "4.13.1"
    "@algolia/transporter" "4.13.1"

"@algolia/client-common@4.13.1":
  version "4.13.1"
  resolved "https://pkgs.d.xiaomi.net:443/artifactory/api/npm/mi-npm/@algolia/client-common/-/client-common-4.13.1.tgz#3bf9e3586f20ef85bbb56ccca390f7dbe57c8f4f"
  integrity sha1-O/njWG8g74W7tWzMo5D32+V8j08=
  dependencies:
    "@algolia/requester-common" "4.13.1"
    "@algolia/transporter" "4.13.1"

"@algolia/client-personalization@4.13.1":
  version "4.13.1"
  resolved "https://pkgs.d.xiaomi.net:443/artifactory/api/npm/mi-npm/@algolia/client-personalization/-/client-personalization-4.13.1.tgz#438a1f58576ef19c4ad4addb8417bdacfe2fce2e"
  integrity sha1-Q4ofWFdu8ZxK1K3bhBe9rP4vzi4=
  dependencies:
    "@algolia/client-common" "4.13.1"
    "@algolia/requester-common" "4.13.1"
    "@algolia/transporter" "4.13.1"

"@algolia/client-search@4.13.1":
  version "4.13.1"
  resolved "https://pkgs.d.xiaomi.net:443/artifactory/api/npm/mi-npm/@algolia/client-search/-/client-search-4.13.1.tgz#5501deed01e23c33d4aaa9f9eb96a849f0fce313"
  integrity sha1-VQHe7QHiPDPUqqn565aoSfD84xM=
  dependencies:
    "@algolia/client-common" "4.13.1"
    "@algolia/requester-common" "4.13.1"
    "@algolia/transporter" "4.13.1"

"@algolia/logger-common@4.13.1":
  version "4.13.1"
  resolved "https://pkgs.d.xiaomi.net:443/artifactory/api/npm/mi-npm/@algolia/logger-common/-/logger-common-4.13.1.tgz#4221378e701e3f1eacaa051bcd4ba1f25ddfaf4d"
  integrity sha1-QiE3jnAePx6sqgUbzUuh8l3fr00=

"@algolia/logger-console@4.13.1":
  version "4.13.1"
  resolved "https://pkgs.d.xiaomi.net:443/artifactory/api/npm/mi-npm/@algolia/logger-console/-/logger-console-4.13.1.tgz#423d358e4992dd4bceab0d9a4e99d1fd68107043"
  integrity sha1-Qj01jkmS3UvOqw2aTpnR/WgQcEM=
  dependencies:
    "@algolia/logger-common" "4.13.1"

"@algolia/requester-browser-xhr@4.13.1":
  version "4.13.1"
  resolved "https://pkgs.d.xiaomi.net:443/artifactory/api/npm/mi-npm/@algolia/requester-browser-xhr/-/requester-browser-xhr-4.13.1.tgz#f8ea79233cf6f0392feaf31e35a6b40d68c5bc9e"
  integrity sha1-+Op5Izz28Dkv6vMeNaa0DWjFvJ4=
  dependencies:
    "@algolia/requester-common" "4.13.1"

"@algolia/requester-common@4.13.1":
  version "4.13.1"
  resolved "https://pkgs.d.xiaomi.net:443/artifactory/api/npm/mi-npm/@algolia/requester-common/-/requester-common-4.13.1.tgz#daea143d15ab6ed3909c4c45877f1b6c36a16179"
  integrity sha1-2uoUPRWrbtOQnExFh38bbDahYXk=

"@algolia/requester-node-http@4.13.1":
  version "4.13.1"
  resolved "https://pkgs.d.xiaomi.net:443/artifactory/api/npm/mi-npm/@algolia/requester-node-http/-/requester-node-http-4.13.1.tgz#32c63d4c009f22d97e396406de7af9b66fb8e89d"
  integrity sha1-MsY9TACfItl+OWQG3nr5tm+46J0=
  dependencies:
    "@algolia/requester-common" "4.13.1"

"@algolia/transporter@4.13.1":
  version "4.13.1"
  resolved "https://pkgs.d.xiaomi.net:443/artifactory/api/npm/mi-npm/@algolia/transporter/-/transporter-4.13.1.tgz#509e03e9145102843d5be4a031c521f692d4e8d6"
  integrity sha1-UJ4D6RRRAoQ9W+SgMcUh9pLU6NY=
  dependencies:
    "@algolia/cache-common" "4.13.1"
    "@algolia/logger-common" "4.13.1"
    "@algolia/requester-common" "4.13.1"

"@babel/parser@^7.16.4":
  version "7.18.6"
  resolved "https://pkgs.d.xiaomi.net:443/artifactory/api/npm/mi-npm/@babel/parser/-/parser-7.18.6.tgz#845338edecad65ebffef058d3be851f1d28a63bc"
  integrity sha1-hFM47eytZev/7wWNO+hR8dKKY7w=

"@docsearch/css@3.1.1", "@docsearch/css@^3.0.0":
  version "3.1.1"
  resolved "https://pkgs.d.xiaomi.net:443/artifactory/api/npm/mi-npm/@docsearch/css/-/css-3.1.1.tgz#e0976bf995e383f8ee8657306311b9cb95016330"
  integrity sha1-4Jdr+ZXjg/juhlcwYxG5y5UBYzA=

"@docsearch/js@^3.0.0":
  version "3.1.1"
  resolved "https://pkgs.d.xiaomi.net:443/artifactory/api/npm/mi-npm/@docsearch/js/-/js-3.1.1.tgz#fbcf85d034b11ae15397310ef117c7d6fb4e6871"
  integrity sha1-+8+F0DSxGuFTlzEO8RfH1vtOaHE=
  dependencies:
    "@docsearch/react" "3.1.1"
    preact "^10.0.0"

"@docsearch/react@3.1.1":
  version "3.1.1"
  resolved "https://pkgs.d.xiaomi.net:443/artifactory/api/npm/mi-npm/@docsearch/react/-/react-3.1.1.tgz#3dffb5db8cf9eb95d6e732cf038264bfc10191ed"
  integrity sha1-Pf+124z565XW5zLPA4Jkv8EBke0=
  dependencies:
    "@algolia/autocomplete-core" "1.7.1"
    "@algolia/autocomplete-preset-algolia" "1.7.1"
    "@docsearch/css" "3.1.1"
    algoliasearch "^4.0.0"

"@types/web-bluetooth@^0.0.14":
  version "0.0.14"
  resolved "https://pkgs.d.xiaomi.net:443/artifactory/api/npm/mi-npm/@types/web-bluetooth/-/web-bluetooth-0.0.14.tgz#94e175b53623384bff1f354cdb3197a8d63cdbe5"
  integrity sha1-lOF1tTYjOEv/HzVM2zGXqNY82+U=

"@vitejs/plugin-vue@^2.3.2":
  version "2.3.3"
  resolved "https://pkgs.d.xiaomi.net:443/artifactory/api/npm/mi-npm/@vitejs/plugin-vue/-/plugin-vue-2.3.3.tgz#fbf80cc039b82ac21a1acb0f0478de8f61fbf600"
  integrity sha1-+/gMwDm4KsIaGssPBHjej2H79gA=

"@vue/compiler-core@3.2.37":
  version "3.2.37"
  resolved "https://pkgs.d.xiaomi.net:443/artifactory/api/npm/mi-npm/@vue/compiler-core/-/compiler-core-3.2.37.tgz#b3c42e04c0e0f2c496ff1784e543fbefe91e215a"
  integrity sha1-s8QuBMDg8sSW/xeE5UP77+keIVo=
  dependencies:
    "@babel/parser" "^7.16.4"
    "@vue/shared" "3.2.37"
    estree-walker "^2.0.2"
    source-map "^0.6.1"

"@vue/compiler-dom@3.2.37":
  version "3.2.37"
  resolved "https://pkgs.d.xiaomi.net:443/artifactory/api/npm/mi-npm/@vue/compiler-dom/-/compiler-dom-3.2.37.tgz#10d2427a789e7c707c872da9d678c82a0c6582b5"
  integrity sha1-ENJCeniefHB8hy2p1njIKgxlgrU=
  dependencies:
    "@vue/compiler-core" "3.2.37"
    "@vue/shared" "3.2.37"

"@vue/compiler-sfc@3.2.37":
  version "3.2.37"
  resolved "https://pkgs.d.xiaomi.net:443/artifactory/api/npm/mi-npm/@vue/compiler-sfc/-/compiler-sfc-3.2.37.tgz#3103af3da2f40286edcd85ea495dcb35bc7f5ff4"
  integrity sha1-MQOvPaL0AobtzYXqSV3LNbx/X/Q=
  dependencies:
    "@babel/parser" "^7.16.4"
    "@vue/compiler-core" "3.2.37"
    "@vue/compiler-dom" "3.2.37"
    "@vue/compiler-ssr" "3.2.37"
    "@vue/reactivity-transform" "3.2.37"
    "@vue/shared" "3.2.37"
    estree-walker "^2.0.2"
    magic-string "^0.25.7"
    postcss "^8.1.10"
    source-map "^0.6.1"

"@vue/compiler-ssr@3.2.37":
  version "3.2.37"
  resolved "https://pkgs.d.xiaomi.net:443/artifactory/api/npm/mi-npm/@vue/compiler-ssr/-/compiler-ssr-3.2.37.tgz#4899d19f3a5fafd61524a9d1aee8eb0505313cff"
  integrity sha1-SJnRnzpfr9YVJKnRrujrBQUxPP8=
  dependencies:
    "@vue/compiler-dom" "3.2.37"
    "@vue/shared" "3.2.37"

"@vue/devtools-api@^6.1.4":
  version "6.2.0"
  resolved "https://pkgs.d.xiaomi.net:443/artifactory/api/npm/mi-npm/@vue/devtools-api/-/devtools-api-6.2.0.tgz#e3dc98a0cce8e87292745e2d24c9ee8c274a023b"
  integrity sha1-49yYoMzo6HKSdF4tJMnujCdKAjs=

"@vue/reactivity-transform@3.2.37":
  version "3.2.37"
  resolved "https://pkgs.d.xiaomi.net:443/artifactory/api/npm/mi-npm/@vue/reactivity-transform/-/reactivity-transform-3.2.37.tgz#0caa47c4344df4ae59f5a05dde2a8758829f8eca"
  integrity sha1-DKpHxDRN9K5Z9aBd3iqHWIKfjso=
  dependencies:
    "@babel/parser" "^7.16.4"
    "@vue/compiler-core" "3.2.37"
    "@vue/shared" "3.2.37"
    estree-walker "^2.0.2"
    magic-string "^0.25.7"

"@vue/reactivity@3.2.37":
  version "3.2.37"
  resolved "https://pkgs.d.xiaomi.net:443/artifactory/api/npm/mi-npm/@vue/reactivity/-/reactivity-3.2.37.tgz#5bc3847ac58828e2b78526e08219e0a1089f8848"
  integrity sha1-W8OEesWIKOK3hSbgghngoQifiEg=
  dependencies:
    "@vue/shared" "3.2.37"

"@vue/runtime-core@3.2.37":
  version "3.2.37"
  resolved "https://pkgs.d.xiaomi.net:443/artifactory/api/npm/mi-npm/@vue/runtime-core/-/runtime-core-3.2.37.tgz#7ba7c54bb56e5d70edfc2f05766e1ca8519966e3"
  integrity sha1-e6fFS7VuXXDt/C8Fdm4cqFGZZuM=
  dependencies:
    "@vue/reactivity" "3.2.37"
    "@vue/shared" "3.2.37"

"@vue/runtime-dom@3.2.37":
  version "3.2.37"
  resolved "https://pkgs.d.xiaomi.net:443/artifactory/api/npm/mi-npm/@vue/runtime-dom/-/runtime-dom-3.2.37.tgz#002bdc8228fa63949317756fb1e92cdd3f9f4bbd"
  integrity sha1-ACvcgij6Y5STF3Vvseks3T+fS70=
  dependencies:
    "@vue/runtime-core" "3.2.37"
    "@vue/shared" "3.2.37"
    csstype "^2.6.8"

"@vue/server-renderer@3.2.37":
  version "3.2.37"
  resolved "https://pkgs.d.xiaomi.net:443/artifactory/api/npm/mi-npm/@vue/server-renderer/-/server-renderer-3.2.37.tgz#840a29c8dcc29bddd9b5f5ffa22b95c0e72afdfc"
  integrity sha1-hAopyNzCm93ZtfX/oiuVwOcq/fw=
  dependencies:
    "@vue/compiler-ssr" "3.2.37"
    "@vue/shared" "3.2.37"

"@vue/shared@3.2.37":
  version "3.2.37"
  resolved "https://pkgs.d.xiaomi.net:443/artifactory/api/npm/mi-npm/@vue/shared/-/shared-3.2.37.tgz#8e6adc3f2759af52f0e85863dfb0b711ecc5c702"
  integrity sha1-jmrcPydZr1Lw6Fhj37C3EezFxwI=

"@vueuse/core@^8.5.0":
  version "8.7.5"
  resolved "https://pkgs.d.xiaomi.net:443/artifactory/api/npm/mi-npm/@vueuse/core/-/core-8.7.5.tgz#e74a888251ea11a9d432068ce18cbdfc4f810251"
  integrity sha1-50qIglHqEanUMgaM4Yy9/E+BAlE=
  dependencies:
    "@types/web-bluetooth" "^0.0.14"
    "@vueuse/metadata" "8.7.5"
    "@vueuse/shared" "8.7.5"
    vue-demi "*"

"@vueuse/metadata@8.7.5":
  version "8.7.5"
  resolved "https://pkgs.d.xiaomi.net:443/artifactory/api/npm/mi-npm/@vueuse/metadata/-/metadata-8.7.5.tgz#c7f2b21d873d1604a8860ed9c5728d8f3295f00a"
  integrity sha1-x/KyHYc9FgSohg7ZxXKNjzKV8Ao=

"@vueuse/shared@8.7.5":
  version "8.7.5"
  resolved "https://pkgs.d.xiaomi.net:443/artifactory/api/npm/mi-npm/@vueuse/shared/-/shared-8.7.5.tgz#06fb08f6f8fc9e90be9d1e033fa443de927172b0"
  integrity sha1-BvsI9vj8npC+nR4DP6RD3pJxcrA=
  dependencies:
    vue-demi "*"

algoliasearch@^4.0.0:
  version "4.13.1"
  resolved "https://pkgs.d.xiaomi.net:443/artifactory/api/npm/mi-npm/algoliasearch/-/algoliasearch-4.13.1.tgz#54195c41c9e4bd13ed64982248cf49d4576974fe"
  integrity sha1-VBlcQcnkvRPtZJgiSM9J1FdpdP4=
  dependencies:
    "@algolia/cache-browser-local-storage" "4.13.1"
    "@algolia/cache-common" "4.13.1"
    "@algolia/cache-in-memory" "4.13.1"
    "@algolia/client-account" "4.13.1"
    "@algolia/client-analytics" "4.13.1"
    "@algolia/client-common" "4.13.1"
    "@algolia/client-personalization" "4.13.1"
    "@algolia/client-search" "4.13.1"
    "@algolia/logger-common" "4.13.1"
    "@algolia/logger-console" "4.13.1"
    "@algolia/requester-browser-xhr" "4.13.1"
    "@algolia/requester-common" "4.13.1"
    "@algolia/requester-node-http" "4.13.1"
    "@algolia/transporter" "4.13.1"

body-scroll-lock@^4.0.0-beta.0:
  version "4.0.0-beta.0"
  resolved "https://pkgs.d.xiaomi.net:443/artifactory/api/npm/mi-npm/body-scroll-lock/-/body-scroll-lock-4.0.0-beta.0.tgz#4f78789d10e6388115c0460cd6d7d4dd2bbc4f7e"
  integrity sha1-T3h4nRDmOIEVwEYM1tfU3Su8T34=

csstype@^2.6.8:
  version "2.6.20"
  resolved "https://pkgs.d.xiaomi.net:443/artifactory/api/npm/mi-npm/csstype/-/csstype-2.6.20.tgz#9229c65ea0b260cf4d3d997cb06288e36a8d6dda"
  integrity sha1-kinGXqCyYM9NPZl8sGKI42qNbdo=

esbuild-android-64@0.14.48:
  version "0.14.48"
  resolved "https://pkgs.d.xiaomi.net:443/artifactory/api/npm/mi-npm/esbuild-android-64/-/esbuild-android-64-0.14.48.tgz#7e6394a0e517f738641385aaf553c7e4fb6d1ae3"
  integrity sha1-fmOUoOUX9zhkE4Wq9VPH5PttGuM=

esbuild-android-arm64@0.14.48:
  version "0.14.48"
  resolved "https://pkgs.d.xiaomi.net:443/artifactory/api/npm/mi-npm/esbuild-android-arm64/-/esbuild-android-arm64-0.14.48.tgz#6877566be0f82dd5a43030c0007d06ece7f7c02f"
  integrity sha1-aHdWa+D4LdWkMDDAAH0G7Of3wC8=

esbuild-darwin-64@0.14.48:
  version "0.14.48"
  resolved "https://pkgs.d.xiaomi.net:443/artifactory/api/npm/mi-npm/esbuild-darwin-64/-/esbuild-darwin-64-0.14.48.tgz#ea3caddb707d88f844b1aa1dea5ff3b0a71ef1fd"
  integrity sha1-6jyt23B9iPhEsaod6l/zsKce8f0=

esbuild-darwin-arm64@0.14.48:
  version "0.14.48"
  resolved "https://pkgs.d.xiaomi.net:443/artifactory/api/npm/mi-npm/esbuild-darwin-arm64/-/esbuild-darwin-arm64-0.14.48.tgz#4e5eaab54df66cc319b76a2ac0e8af4e6f0d9c2f"
  integrity sha1-Tl6qtU32bMMZt2oqwOivTm8NnC8=

esbuild-freebsd-64@0.14.48:
  version "0.14.48"
  resolved "https://pkgs.d.xiaomi.net:443/artifactory/api/npm/mi-npm/esbuild-freebsd-64/-/esbuild-freebsd-64-0.14.48.tgz#47b5abc7426eae66861490ffbb380acc67af5b15"
  integrity sha1-R7Wrx0JurmaGFJD/uzgKzGevWxU=

esbuild-freebsd-arm64@0.14.48:
  version "0.14.48"
  resolved "https://pkgs.d.xiaomi.net:443/artifactory/api/npm/mi-npm/esbuild-freebsd-arm64/-/esbuild-freebsd-arm64-0.14.48.tgz#e8c54c8637cd44feed967ea12338b0a4da3a7b11"
  integrity sha1-6MVMhjfNRP7tln6hIziwpNo6exE=

esbuild-linux-32@0.14.48:
  version "0.14.48"
  resolved "https://pkgs.d.xiaomi.net:443/artifactory/api/npm/mi-npm/esbuild-linux-32/-/esbuild-linux-32-0.14.48.tgz#229cf3246de2b7937c3ac13fac622d4d7a1344c5"
  integrity sha1-IpzzJG3it5N8OsE/rGItTXoTRMU=

esbuild-linux-64@0.14.48:
  version "0.14.48"
  resolved "https://pkgs.d.xiaomi.net:443/artifactory/api/npm/mi-npm/esbuild-linux-64/-/esbuild-linux-64-0.14.48.tgz#7c0e7226c02c42aacc5656c36977493dc1e96c4f"
  integrity sha1-fA5yJsAsQqrMVlbDaXdJPcHpbE8=

esbuild-linux-arm64@0.14.48:
  version "0.14.48"
  resolved "https://pkgs.d.xiaomi.net:443/artifactory/api/npm/mi-npm/esbuild-linux-arm64/-/esbuild-linux-arm64-0.14.48.tgz#0af1eda474b5c6cc0cace8235b74d0cb8fcf57a7"
  integrity sha1-CvHtpHS1xswMrOgjW3TQy4/PV6c=

esbuild-linux-arm@0.14.48:
  version "0.14.48"
  resolved "https://pkgs.d.xiaomi.net:443/artifactory/api/npm/mi-npm/esbuild-linux-arm/-/esbuild-linux-arm-0.14.48.tgz#de4d1fa6b77cdcd00e2bb43dd0801e4680f0ab52"
  integrity sha1-3k0fprd83NAOK7Q90IAeRoDwq1I=

esbuild-linux-mips64le@0.14.48:
  version "0.14.48"
  resolved "https://pkgs.d.xiaomi.net:443/artifactory/api/npm/mi-npm/esbuild-linux-mips64le/-/esbuild-linux-mips64le-0.14.48.tgz#822c1778495f7868e990d4da47ad7281df28fd15"
  integrity sha1-giwXeElfeGjpkNTaR61ygd8o/RU=

esbuild-linux-ppc64le@0.14.48:
  version "0.14.48"
  resolved "https://pkgs.d.xiaomi.net:443/artifactory/api/npm/mi-npm/esbuild-linux-ppc64le/-/esbuild-linux-ppc64le-0.14.48.tgz#55de0a9ec4a48fedfe82a63e083164d001709447"
  integrity sha1-Vd4KnsSkj+3+gqY+CDFk0AFwlEc=

esbuild-linux-riscv64@0.14.48:
  version "0.14.48"
  resolved "https://pkgs.d.xiaomi.net:443/artifactory/api/npm/mi-npm/esbuild-linux-riscv64/-/esbuild-linux-riscv64-0.14.48.tgz#cd2b7381880b2f4b21a5a598fb673492120f18a5"
  integrity sha1-zStzgYgLL0shpaWY+2c0khIPGKU=

esbuild-linux-s390x@0.14.48:
  version "0.14.48"
  resolved "https://pkgs.d.xiaomi.net:443/artifactory/api/npm/mi-npm/esbuild-linux-s390x/-/esbuild-linux-s390x-0.14.48.tgz#4b319eca2a5c64637fc7397ffbd9671719cdb6bf"
  integrity sha1-SzGeyipcZGN/xzl/+9lnFxnNtr8=

esbuild-netbsd-64@0.14.48:
  version "0.14.48"
  resolved "https://pkgs.d.xiaomi.net:443/artifactory/api/npm/mi-npm/esbuild-netbsd-64/-/esbuild-netbsd-64-0.14.48.tgz#c27cde8b5cb55dcc227943a18ab078fb98d0adbf"
  integrity sha1-wnzei1y1XcwieUOhirB4+5jQrb8=

esbuild-openbsd-64@0.14.48:
  version "0.14.48"
  resolved "https://pkgs.d.xiaomi.net:443/artifactory/api/npm/mi-npm/esbuild-openbsd-64/-/esbuild-openbsd-64-0.14.48.tgz#af5ab2d1cb41f09064bba9465fc8bf1309150df1"
  integrity sha1-r1qy0ctB8JBku6lGX8i/EwkVDfE=

esbuild-sunos-64@0.14.48:
  version "0.14.48"
  resolved "https://pkgs.d.xiaomi.net:443/artifactory/api/npm/mi-npm/esbuild-sunos-64/-/esbuild-sunos-64-0.14.48.tgz#db3ae20526055cf6fd5c4582676233814603ac54"
  integrity sha1-2zriBSYFXPb9XEWCZ2IzgUYDrFQ=

esbuild-windows-32@0.14.48:
  version "0.14.48"
  resolved "https://pkgs.d.xiaomi.net:443/artifactory/api/npm/mi-npm/esbuild-windows-32/-/esbuild-windows-32-0.14.48.tgz#021ffceb0a3f83078262870da88a912293c57475"
  integrity sha1-Ah/86wo/gweCYocNqIqRIpPFdHU=

esbuild-windows-64@0.14.48:
  version "0.14.48"
  resolved "https://pkgs.d.xiaomi.net:443/artifactory/api/npm/mi-npm/esbuild-windows-64/-/esbuild-windows-64-0.14.48.tgz#a4d3407b580f9faac51f61eec095fa985fb3fee4"
  integrity sha1-pNNAe1gPn6rFH2HuwJX6mF+z/uQ=

esbuild-windows-arm64@0.14.48:
  version "0.14.48"
  resolved "https://pkgs.d.xiaomi.net:443/artifactory/api/npm/mi-npm/esbuild-windows-arm64/-/esbuild-windows-arm64-0.14.48.tgz#762c0562127d8b09bfb70a3c816460742dd82880"
  integrity sha1-diwFYhJ9iwm/two8gWRgdC3YKIA=

esbuild@^0.14.27:
  version "0.14.48"
  resolved "https://pkgs.d.xiaomi.net:443/artifactory/api/npm/mi-npm/esbuild/-/esbuild-0.14.48.tgz#da5d8d25cd2d940c45ea0cfecdca727f7aee2b85"
  integrity sha1-2l2NJc0tlAxF6gz+zcpyf3ruK4U=
  optionalDependencies:
    esbuild-android-64 "0.14.48"
    esbuild-android-arm64 "0.14.48"
    esbuild-darwin-64 "0.14.48"
    esbuild-darwin-arm64 "0.14.48"
    esbuild-freebsd-64 "0.14.48"
    esbuild-freebsd-arm64 "0.14.48"
    esbuild-linux-32 "0.14.48"
    esbuild-linux-64 "0.14.48"
    esbuild-linux-arm "0.14.48"
    esbuild-linux-arm64 "0.14.48"
    esbuild-linux-mips64le "0.14.48"
    esbuild-linux-ppc64le "0.14.48"
    esbuild-linux-riscv64 "0.14.48"
    esbuild-linux-s390x "0.14.48"
    esbuild-netbsd-64 "0.14.48"
    esbuild-openbsd-64 "0.14.48"
    esbuild-sunos-64 "0.14.48"
    esbuild-windows-32 "0.14.48"
    esbuild-windows-64 "0.14.48"
    esbuild-windows-arm64 "0.14.48"

estree-walker@^2.0.2:
  version "2.0.2"
  resolved "https://pkgs.d.xiaomi.net:443/artifactory/api/npm/mi-npm/estree-walker/-/estree-walker-2.0.2.tgz#52f010178c2a4c117a7757cfe942adb7d2da4cac"
  integrity sha1-UvAQF4wqTBF6d1fP6UKtt9LaTKw=

fsevents@~2.3.2:
  version "2.3.2"
  resolved "https://pkgs.d.xiaomi.net:443/artifactory/api/npm/mi-npm/fsevents/-/fsevents-2.3.2.tgz#8a526f78b8fdf4623b709e0b975c52c24c02fd1a"
  integrity sha1-ilJveLj99GI7cJ4Ll1xSwkwC/Ro=

function-bind@^1.1.1:
  version "1.1.1"
  resolved "https://pkgs.d.xiaomi.net:443/artifactory/api/npm/mi-npm/function-bind/-/function-bind-1.1.1.tgz#a56899d3ea3c9bab874bb9773b7c5ede92f4895d"
  integrity sha1-pWiZ0+o8m6uHS7l3O3xe3pL0iV0=

has@^1.0.3:
  version "1.0.3"
  resolved "https://pkgs.d.xiaomi.net:443/artifactory/api/npm/mi-npm/has/-/has-1.0.3.tgz#722d7cbfc1f6aa8241f16dd814e011e1f41e8796"
  integrity sha1-ci18v8H2qoJB8W3YFOAR4fQeh5Y=
  dependencies:
    function-bind "^1.1.1"

is-core-module@^2.9.0:
  version "2.9.0"
  resolved "https://pkgs.d.xiaomi.net:443/artifactory/api/npm/mi-npm/is-core-module/-/is-core-module-2.9.0.tgz#e1c34429cd51c6dd9e09e0799e396e27b19a9c69"
  integrity sha1-4cNEKc1Rxt2eCeB5njluJ7GanGk=
  dependencies:
    has "^1.0.3"

jsonc-parser@^3.0.0:
  version "3.0.0"
  resolved "https://pkgs.d.xiaomi.net:443/artifactory/api/npm/mi-npm/jsonc-parser/-/jsonc-parser-3.0.0.tgz#abdd785701c7e7eaca8a9ec8cf070ca51a745a22"
  integrity sha1-q914VwHH5+rKip7IzwcMpRp0WiI=

magic-string@^0.25.7:
  version "0.25.9"
  resolved "https://pkgs.d.xiaomi.net:443/artifactory/api/npm/mi-npm/magic-string/-/magic-string-0.25.9.tgz#de7f9faf91ef8a1c91d02c2e5314c8277dbcdd1c"
  integrity sha1-3n+fr5HvihyR0CwuUxTIJ3283Rw=
  dependencies:
    sourcemap-codec "^1.4.8"

nanoid@^3.3.4:
  version "3.3.4"
  resolved "https://pkgs.d.xiaomi.net:443/artifactory/api/npm/mi-npm/nanoid/-/nanoid-3.3.4.tgz#730b67e3cd09e2deacf03c027c81c9d9dbc5e8ab"
  integrity sha1-cwtn480J4t6s8DwCfIHJ2dvF6Ks=

path-parse@^1.0.7:
  version "1.0.7"
  resolved "https://pkgs.d.xiaomi.net:443/artifactory/api/npm/mi-npm/path-parse/-/path-parse-1.0.7.tgz#fbc114b60ca42b30d9daf5858e4bd68bbedb6735"
  integrity sha1-+8EUtgykKzDZ2vWFjkvWi77bZzU=

picocolors@^1.0.0:
  version "1.0.0"
  resolved "https://pkgs.d.xiaomi.net:443/artifactory/api/npm/mi-npm/picocolors/-/picocolors-1.0.0.tgz#cb5bdc74ff3f51892236eaf79d68bc44564ab81c"
  integrity sha1-y1vcdP8/UYkiNur3nWi8RFZKuBw=

postcss@^8.1.10, postcss@^8.4.13:
  version "8.4.14"
  resolved "https://pkgs.d.xiaomi.net:443/artifactory/api/npm/mi-npm/postcss/-/postcss-8.4.14.tgz#ee9274d5622b4858c1007a74d76e42e56fd21caf"
  integrity sha1-7pJ01WIrSFjBAHp0125C5W/SHK8=
  dependencies:
    nanoid "^3.3.4"
    picocolors "^1.0.0"
    source-map-js "^1.0.2"

preact@^10.0.0:
  version "10.8.2"
  resolved "https://pkgs.d.xiaomi.net:443/artifactory/api/npm/mi-npm/preact/-/preact-10.8.2.tgz#b8a614f5cc8ab0cd9e63337a3d60dc80410f4ed4"
  integrity sha1-uKYU9cyKsM2eYzN6PWDcgEEPTtQ=

resolve@^1.22.0:
  version "1.22.1"
  resolved "https://pkgs.d.xiaomi.net:443/artifactory/api/npm/mi-npm/resolve/-/resolve-1.22.1.tgz#27cb2ebb53f91abb49470a928bba7558066ac177"
  integrity sha1-J8suu1P5GrtJRwqSi7p1WAZqwXc=
  dependencies:
    is-core-module "^2.9.0"
    path-parse "^1.0.7"
    supports-preserve-symlinks-flag "^1.0.0"

rollup@^2.59.0:
  version "2.75.7"
  resolved "https://pkgs.d.xiaomi.net:443/artifactory/api/npm/mi-npm/rollup/-/rollup-2.75.7.tgz#221ff11887ae271e37dcc649ba32ce1590aaa0b9"
  integrity sha1-Ih/xGIeuJx433MZJujLOFZCqoLk=
  optionalDependencies:
    fsevents "~2.3.2"

shiki@^0.10.1:
  version "0.10.1"
  resolved "https://pkgs.d.xiaomi.net:443/artifactory/api/npm/mi-npm/shiki/-/shiki-0.10.1.tgz#6f9a16205a823b56c072d0f1a0bcd0f2646bef14"
  integrity sha1-b5oWIFqCO1bActDxoLzQ8mRr7xQ=
  dependencies:
    jsonc-parser "^3.0.0"
    vscode-oniguruma "^1.6.1"
    vscode-textmate "5.2.0"

source-map-js@^1.0.2:
  version "1.0.2"
  resolved "https://pkgs.d.xiaomi.net:443/artifactory/api/npm/mi-npm/source-map-js/-/source-map-js-1.0.2.tgz#adbc361d9c62df380125e7f161f71c826f1e490c"
  integrity sha1-rbw2HZxi3zgBJefxYfccgm8eSQw=

source-map@^0.6.1:
  version "0.6.1"
  resolved "https://pkgs.d.xiaomi.net:443/artifactory/api/npm/mi-npm/source-map/-/source-map-0.6.1.tgz#74722af32e9614e9c287a8d0bbde48b5e2f1a263"
  integrity sha1-dHIq8y6WFOnCh6jQu95IteLxomM=

sourcemap-codec@^1.4.8:
  version "1.4.8"
  resolved "https://pkgs.d.xiaomi.net:443/artifactory/api/npm/mi-npm/sourcemap-codec/-/sourcemap-codec-1.4.8.tgz#ea804bd94857402e6992d05a38ef1ae35a9ab4c4"
  integrity sha1-6oBL2UhXQC5pktBaOO8a41qatMQ=

supports-preserve-symlinks-flag@^1.0.0:
  version "1.0.0"
  resolved "https://pkgs.d.xiaomi.net:443/artifactory/api/npm/mi-npm/supports-preserve-symlinks-flag/-/supports-preserve-symlinks-flag-1.0.0.tgz#6eda4bd344a3c94aea376d4cc31bc77311039e09"
  integrity sha1-btpL00SjyUrqN21MwxvHcxEDngk=

vite@^2.9.7:
  version "2.9.13"
  resolved "https://pkgs.d.xiaomi.net:443/artifactory/api/npm/mi-npm/vite/-/vite-2.9.13.tgz#859cb5d4c316c0d8c6ec9866045c0f7858ca6abc"
  integrity sha1-hZy11MMWwNjG7JhmBFwPeFjKarw=
  dependencies:
    esbuild "^0.14.27"
    postcss "^8.4.13"
    resolve "^1.22.0"
    rollup "^2.59.0"
  optionalDependencies:
    fsevents "~2.3.2"

vitepress@^1.0.0-alpha.4:
  version "1.0.0-alpha.4"
  resolved "https://pkgs.d.xiaomi.net:443/artifactory/api/npm/mi-npm/vitepress/-/vitepress-1.0.0-alpha.4.tgz#2d9929e2cade3d98f57f61848c01968fb386cee0"
  integrity sha1-LZkp4srePZj1f2GEjAGWj7OGzuA=
  dependencies:
    "@docsearch/css" "^3.0.0"
    "@docsearch/js" "^3.0.0"
    "@vitejs/plugin-vue" "^2.3.2"
    "@vue/devtools-api" "^6.1.4"
    "@vueuse/core" "^8.5.0"
    body-scroll-lock "^4.0.0-beta.0"
    shiki "^0.10.1"
    vite "^2.9.7"
    vue "^3.2.33"

vscode-oniguruma@^1.6.1:
  version "1.6.2"
  resolved "https://pkgs.d.xiaomi.net:443/artifactory/api/npm/mi-npm/vscode-oniguruma/-/vscode-oniguruma-1.6.2.tgz#aeb9771a2f1dbfc9083c8a7fdd9cccaa3f386607"
  integrity sha1-rrl3Gi8dv8kIPIp/3ZzMqj84Zgc=

vscode-textmate@5.2.0:
  version "5.2.0"
  resolved "https://pkgs.d.xiaomi.net:443/artifactory/api/npm/mi-npm/vscode-textmate/-/vscode-textmate-5.2.0.tgz#01f01760a391e8222fe4f33fbccbd1ad71aed74e"
  integrity sha1-AfAXYKOR6CIv5PM/vMvRrXGu104=

vue-demi@*:
  version "0.13.1"
  resolved "https://pkgs.d.xiaomi.net:443/artifactory/api/npm/mi-npm/vue-demi/-/vue-demi-0.13.1.tgz#7604904c88be338418a10abbc94d5b8caa14cb8c"
  integrity sha1-dgSQTIi+M4QYoQq7yU1bjKoUy4w=

vue@^3.2.33:
  version "3.2.37"
  resolved "https://pkgs.d.xiaomi.net:443/artifactory/api/npm/mi-npm/vue/-/vue-3.2.37.tgz#da220ccb618d78579d25b06c7c21498ca4e5452e"
  integrity sha1-2iIMy2GNeFedJbBsfCFJjKTlRS4=
  dependencies:
    "@vue/compiler-dom" "3.2.37"
    "@vue/compiler-sfc" "3.2.37"
    "@vue/runtime-dom" "3.2.37"
    "@vue/server-renderer" "3.2.37"
    "@vue/shared" "3.2.37"
